
Microsoft Visual Studio Solution File, Format Version 12.00
# Visual Studio 15
VisualStudioVersion = 15.0.27130.2020
MinimumVisualStudioVersion = 10.0.40219.1
Project("{FAE04EC0-301F-11D3-BF4B-00C04F79EFBC}") = "DaishinPublisher", "DaishinPublisher\DaishinPublisher.csproj", "{0DE033E7-A072-4450-B357-CA69165B9CA8}"
EndProject
Project("{FAE04EC0-301F-11D3-BF4B-00C04F79EFBC}") = "DataStructure", "DataStructure\DataStructure.csproj", "{DA1959A9-15FA-47AA-98AC-3844A723FEA1}"
EndProject
Project("{FAE04EC0-301F-11D3-BF4B-00C04F79EFBC}") = "Configuration", "Configuration\Configuration.csproj", "{9C52064A-188B-449A-89A1-DE3A9DD3F766}"
EndProject
Project("{FAE04EC0-301F-11D3-BF4B-00C04F79EFBC}") = "Consumer", "Consumer\Consumer.csproj", "{ED1A77AE-4393-45DB-B89C-DC98F1678578}"
EndProject
Project("{FAE04EC0-301F-11D3-BF4B-00C04F79EFBC}") = "DbProvider", "DbProvider\DbProvider.csproj", "{57195E80-20A3-4FD0-83C8-92AF91784DDA}"
EndProject
Project("{FAE04EC0-301F-11D3-BF4B-00C04F79EFBC}") = "EbestPublisher", "EbestPublisher\EbestPublisher.csproj", "{F678E473-5958-4DEA-A26F-3895DAD784B8}"
EndProject
Project("{FAE04EC0-301F-11D3-BF4B-00C04F79EFBC}") = "HistorySaver", "HistorySaver\HistorySaver.csproj", "{1CA59FEC-C68C-48F8-89CF-FF3B17870CAA}"
EndProject
Project("{FAE04EC0-301F-11D3-BF4B-00C04F79EFBC}") = "RealTimeProvider", "RealTimeProvider\RealTimeProvider.csproj", "{C9620F6E-D254-45F4-81C1-F33B0855FADC}"
EndProject
Project("{FAE04EC0-301F-11D3-BF4B-00C04F79EFBC}") = "CommonLib", "CommonLib\CommonLib.csproj", "{D8291168-4D81-4ACD-81C4-DA122A249102}"
EndProject
Project("{FAE04EC0-301F-11D3-BF4B-00C04F79EFBC}") = "TestConsole", "TestConsole\TestConsole.csproj", "{32DD5706-34A2-480F-BC53-D8A876CF5673}"
EndProject
Project("{FAE04EC0-301F-11D3-BF4B-00C04F79EFBC}") = "Publisher", "Publisher\Publisher.csproj", "{891F9BAA-D335-4A1B-8FA3-BB0E4D76410A}"
EndProject
Project("{FAE04EC0-301F-11D3-BF4B-00C04F79EFBC}") = "PopupStopper", "PopupStopper\PopupStopper.csproj", "{0BD3F8F3-8B8C-4DE2-9934-8849A32CFC9F}"
EndProject
Project("{FAE04EC0-301F-11D3-BF4B-00C04F79EFBC}") = "DaishinSessionManager", "DaishinSessionManager\DaishinSessionManager.csproj", "{3CDB7297-2D84-44A5-A794-210B83D6098D}"
EndProject
Project("{FAE04EC0-301F-11D3-BF4B-00C04F79EFBC}") = "KillAll", "KillAll\KillAll.csproj", "{FCF497F9-45F2-4F00-A190-79FBFF189AA0}"
EndProject
Project("{FAE04EC0-301F-11D3-BF4B-00C04F79EFBC}") = "AutoLauncher", "AutoLauncher\AutoLauncher.csproj", "{F8DEB19B-AD50-46E8-B89F-890B8033C1D2}"
EndProject
Project("{FAE04EC0-301F-11D3-BF4B-00C04F79EFBC}") = "Strategy", "Strategy\Strategy.csproj", "{F21CCFA2-C902-4C2E-BE2C-D9353B23965C}"
EndProject
Project("{FAE04EC0-301F-11D3-BF4B-00C04F79EFBC}") = "TestConsumer", "TestConsumer\TestConsumer.csproj", "{FBF6C623-2091-4DD7-8967-5CD6F3FD19B0}"
EndProject
Project("{FAE04EC0-301F-11D3-BF4B-00C04F79EFBC}") = "TestPublisher", "TestPublisher\TestPublisher.csproj", "{772B7682-1D4D-46AD-9E0F-B4579F6185E2}"
EndProject
Project("{FAE04EC0-301F-11D3-BF4B-00C04F79EFBC}") = "Dashboard", "Dashboard\Dashboard.csproj", "{FB13D3B5-8653-4218-9B58-2F715EB02B2B}"
EndProject
Project("{FAE04EC0-301F-11D3-BF4B-00C04F79EFBC}") = "DataValidator", "DataValidator\DataValidator.csproj", "{872A62AB-F004-4F03-9905-981017E33BC9}"
EndProject
Project("{FAE04EC0-301F-11D3-BF4B-00C04F79EFBC}") = "StrategyManager", "StrategyManager\StrategyManager.csproj", "{D4D0E0C1-A6D0-4455-9079-1A4F3633F9E5}"
EndProject
Project("{FAE04EC0-301F-11D3-BF4B-00C04F79EFBC}") = "SendLog", "SendLog\SendLog.csproj", "{5D39289A-2353-42F0-9EBA-7408B2588E01}"
EndProject
Project("{FAE04EC0-301F-11D3-BF4B-00C04F79EFBC}") = "Trader", "Trader\Trader.csproj", "{147B0E77-7A22-4EA5-83EA-A0909B456408}"
EndProject
Project("{FAE04EC0-301F-11D3-BF4B-00C04F79EFBC}") = "VirtualTrader", "VirtualTrader\VirtualTrader.csproj", "{1606CE51-4CD3-4CE6-A08D-B3AD32E5D183}"
EndProject
Project("{FAE04EC0-301F-11D3-BF4B-00C04F79EFBC}") = "EbestTrader", "EbestTrader\EbestTrader.csproj", "{8F3E6370-C3A7-47B5-A5E4-CBA24A313560}"
EndProject
Project("{FAE04EC0-301F-11D3-BF4B-00C04F79EFBC}") = "KiwoomPublisher", "KiwoomPublisher\KiwoomPublisher.csproj", "{27B8B35B-D0AA-4E73-BF8B-7C1F7F48348B}"
EndProject
Project("{FAE04EC0-301F-11D3-BF4B-00C04F79EFBC}") = "KiwoomTrader", "KiwoomTrader\KiwoomTrader.csproj", "{A659FD04-AAC4-4428-89F6-EC2F73FC728F}"
EndProject
Project("{FAE04EC0-301F-11D3-BF4B-00C04F79EFBC}") = "NLogViewer", "NLogViewer\NLogViewer.csproj", "{F0A0B5CC-E5B4-4769-AB47-67A1D5B482B4}"
EndProject
Project("{FAE04EC0-301F-11D3-BF4B-00C04F79EFBC}") = "ResourceMonitor", "ResourceMonitor\ResourceMonitor.csproj", "{BE13E412-D35A-4C3F-A7D0-2C8FE5905642}"
EndProject
Project("{FAE04EC0-301F-11D3-BF4B-00C04F79EFBC}") = "DataExtractor", "DataExtractor\DataExtractor.csproj", "{15082D3E-625D-411E-BCF6-7AE6A3C61B8E}"
EndProject
Project("{FAE04EC0-301F-11D3-BF4B-00C04F79EFBC}") = "KiwoomSessionManager", "KiwoomSessionManager\KiwoomSessionManager.csproj", "{B6C51F64-D22D-4993-8995-59FD093E5475}"
EndProject
Project("{FAE04EC0-301F-11D3-BF4B-00C04F79EFBC}") = "EbestResPropertyGenerator", "EbestResPropertyGenerator\EbestResPropertyGenerator.csproj", "{48639354-51E8-4631-BC4B-2AB4BC59A818}"
EndProject
Project("{FAE04EC0-301F-11D3-BF4B-00C04F79EFBC}") = "CommonLibTests", "CommonLibTests\CommonLibTests.csproj", "{DF61C3F5-0F04-4FDC-AE4A-105A0A60D389}"
EndProject
Global
	GlobalSection(SolutionConfigurationPlatforms) = preSolution
		Debug|Any CPU = Debug|Any CPU
		Release|Any CPU = Release|Any CPU
	EndGlobalSection
	GlobalSection(ProjectConfigurationPlatforms) = postSolution
		{0DE033E7-A072-4450-B357-CA69165B9CA8}.Debug|Any CPU.ActiveCfg = Debug|Any CPU
		{0DE033E7-A072-4450-B357-CA69165B9CA8}.Debug|Any CPU.Build.0 = Debug|Any CPU
		{0DE033E7-A072-4450-B357-CA69165B9CA8}.Release|Any CPU.ActiveCfg = Release|Any CPU
		{0DE033E7-A072-4450-B357-CA69165B9CA8}.Release|Any CPU.Build.0 = Release|Any CPU
		{DA1959A9-15FA-47AA-98AC-3844A723FEA1}.Debug|Any CPU.ActiveCfg = Debug|Any CPU
		{DA1959A9-15FA-47AA-98AC-3844A723FEA1}.Debug|Any CPU.Build.0 = Debug|Any CPU
		{DA1959A9-15FA-47AA-98AC-3844A723FEA1}.Release|Any CPU.ActiveCfg = Release|Any CPU
		{DA1959A9-15FA-47AA-98AC-3844A723FEA1}.Release|Any CPU.Build.0 = Release|Any CPU
		{9C52064A-188B-449A-89A1-DE3A9DD3F766}.Debug|Any CPU.ActiveCfg = Debug|Any CPU
		{9C52064A-188B-449A-89A1-DE3A9DD3F766}.Debug|Any CPU.Build.0 = Debug|Any CPU
		{9C52064A-188B-449A-89A1-DE3A9DD3F766}.Release|Any CPU.ActiveCfg = Release|Any CPU
		{9C52064A-188B-449A-89A1-DE3A9DD3F766}.Release|Any CPU.Build.0 = Release|Any CPU
		{ED1A77AE-4393-45DB-B89C-DC98F1678578}.Debug|Any CPU.ActiveCfg = Debug|Any CPU
		{ED1A77AE-4393-45DB-B89C-DC98F1678578}.Debug|Any CPU.Build.0 = Debug|Any CPU
		{ED1A77AE-4393-45DB-B89C-DC98F1678578}.Release|Any CPU.ActiveCfg = Release|Any CPU
		{ED1A77AE-4393-45DB-B89C-DC98F1678578}.Release|Any CPU.Build.0 = Release|Any CPU
		{57195E80-20A3-4FD0-83C8-92AF91784DDA}.Debug|Any CPU.ActiveCfg = Debug|Any CPU
		{57195E80-20A3-4FD0-83C8-92AF91784DDA}.Debug|Any CPU.Build.0 = Debug|Any CPU
		{57195E80-20A3-4FD0-83C8-92AF91784DDA}.Release|Any CPU.ActiveCfg = Release|Any CPU
		{57195E80-20A3-4FD0-83C8-92AF91784DDA}.Release|Any CPU.Build.0 = Release|Any CPU
		{F678E473-5958-4DEA-A26F-3895DAD784B8}.Debug|Any CPU.ActiveCfg = Debug|Any CPU
		{F678E473-5958-4DEA-A26F-3895DAD784B8}.Debug|Any CPU.Build.0 = Debug|Any CPU
		{F678E473-5958-4DEA-A26F-3895DAD784B8}.Release|Any CPU.ActiveCfg = Release|Any CPU
		{F678E473-5958-4DEA-A26F-3895DAD784B8}.Release|Any CPU.Build.0 = Release|Any CPU
		{1CA59FEC-C68C-48F8-89CF-FF3B17870CAA}.Debug|Any CPU.ActiveCfg = Debug|Any CPU
		{1CA59FEC-C68C-48F8-89CF-FF3B17870CAA}.Debug|Any CPU.Build.0 = Debug|Any CPU
		{1CA59FEC-C68C-48F8-89CF-FF3B17870CAA}.Release|Any CPU.ActiveCfg = Release|Any CPU
		{1CA59FEC-C68C-48F8-89CF-FF3B17870CAA}.Release|Any CPU.Build.0 = Release|Any CPU
		{C9620F6E-D254-45F4-81C1-F33B0855FADC}.Debug|Any CPU.ActiveCfg = Debug|Any CPU
		{C9620F6E-D254-45F4-81C1-F33B0855FADC}.Debug|Any CPU.Build.0 = Debug|Any CPU
		{C9620F6E-D254-45F4-81C1-F33B0855FADC}.Release|Any CPU.ActiveCfg = Release|Any CPU
		{C9620F6E-D254-45F4-81C1-F33B0855FADC}.Release|Any CPU.Build.0 = Release|Any CPU
		{D8291168-4D81-4ACD-81C4-DA122A249102}.Debug|Any CPU.ActiveCfg = Debug|Any CPU
		{D8291168-4D81-4ACD-81C4-DA122A249102}.Debug|Any CPU.Build.0 = Debug|Any CPU
		{D8291168-4D81-4ACD-81C4-DA122A249102}.Release|Any CPU.ActiveCfg = Release|Any CPU
		{D8291168-4D81-4ACD-81C4-DA122A249102}.Release|Any CPU.Build.0 = Release|Any CPU
		{32DD5706-34A2-480F-BC53-D8A876CF5673}.Debug|Any CPU.ActiveCfg = Debug|Any CPU
		{32DD5706-34A2-480F-BC53-D8A876CF5673}.Debug|Any CPU.Build.0 = Debug|Any CPU
		{32DD5706-34A2-480F-BC53-D8A876CF5673}.Release|Any CPU.ActiveCfg = Release|Any CPU
		{32DD5706-34A2-480F-BC53-D8A876CF5673}.Release|Any CPU.Build.0 = Release|Any CPU
		{891F9BAA-D335-4A1B-8FA3-BB0E4D76410A}.Debug|Any CPU.ActiveCfg = Debug|Any CPU
		{891F9BAA-D335-4A1B-8FA3-BB0E4D76410A}.Debug|Any CPU.Build.0 = Debug|Any CPU
		{891F9BAA-D335-4A1B-8FA3-BB0E4D76410A}.Release|Any CPU.ActiveCfg = Release|Any CPU
		{891F9BAA-D335-4A1B-8FA3-BB0E4D76410A}.Release|Any CPU.Build.0 = Release|Any CPU
		{0BD3F8F3-8B8C-4DE2-9934-8849A32CFC9F}.Debug|Any CPU.ActiveCfg = Debug|Any CPU
		{0BD3F8F3-8B8C-4DE2-9934-8849A32CFC9F}.Debug|Any CPU.Build.0 = Debug|Any CPU
		{0BD3F8F3-8B8C-4DE2-9934-8849A32CFC9F}.Release|Any CPU.ActiveCfg = Release|Any CPU
		{0BD3F8F3-8B8C-4DE2-9934-8849A32CFC9F}.Release|Any CPU.Build.0 = Release|Any CPU
		{3CDB7297-2D84-44A5-A794-210B83D6098D}.Debug|Any CPU.ActiveCfg = Debug|Any CPU
		{3CDB7297-2D84-44A5-A794-210B83D6098D}.Debug|Any CPU.Build.0 = Debug|Any CPU
		{3CDB7297-2D84-44A5-A794-210B83D6098D}.Release|Any CPU.ActiveCfg = Release|Any CPU
		{3CDB7297-2D84-44A5-A794-210B83D6098D}.Release|Any CPU.Build.0 = Release|Any CPU
		{FCF497F9-45F2-4F00-A190-79FBFF189AA0}.Debug|Any CPU.ActiveCfg = Debug|Any CPU
		{FCF497F9-45F2-4F00-A190-79FBFF189AA0}.Debug|Any CPU.Build.0 = Debug|Any CPU
		{FCF497F9-45F2-4F00-A190-79FBFF189AA0}.Release|Any CPU.ActiveCfg = Release|Any CPU
		{FCF497F9-45F2-4F00-A190-79FBFF189AA0}.Release|Any CPU.Build.0 = Release|Any CPU
		{F8DEB19B-AD50-46E8-B89F-890B8033C1D2}.Debug|Any CPU.ActiveCfg = Debug|Any CPU
		{F8DEB19B-AD50-46E8-B89F-890B8033C1D2}.Debug|Any CPU.Build.0 = Debug|Any CPU
		{F8DEB19B-AD50-46E8-B89F-890B8033C1D2}.Release|Any CPU.ActiveCfg = Release|Any CPU
		{F8DEB19B-AD50-46E8-B89F-890B8033C1D2}.Release|Any CPU.Build.0 = Release|Any CPU
		{F21CCFA2-C902-4C2E-BE2C-D9353B23965C}.Debug|Any CPU.ActiveCfg = Debug|Any CPU
		{F21CCFA2-C902-4C2E-BE2C-D9353B23965C}.Debug|Any CPU.Build.0 = Debug|Any CPU
		{F21CCFA2-C902-4C2E-BE2C-D9353B23965C}.Release|Any CPU.ActiveCfg = Release|Any CPU
		{F21CCFA2-C902-4C2E-BE2C-D9353B23965C}.Release|Any CPU.Build.0 = Release|Any CPU
		{FBF6C623-2091-4DD7-8967-5CD6F3FD19B0}.Debug|Any CPU.ActiveCfg = Debug|Any CPU
		{FBF6C623-2091-4DD7-8967-5CD6F3FD19B0}.Debug|Any CPU.Build.0 = Debug|Any CPU
		{FBF6C623-2091-4DD7-8967-5CD6F3FD19B0}.Release|Any CPU.ActiveCfg = Release|Any CPU
		{FBF6C623-2091-4DD7-8967-5CD6F3FD19B0}.Release|Any CPU.Build.0 = Release|Any CPU
		{772B7682-1D4D-46AD-9E0F-B4579F6185E2}.Debug|Any CPU.ActiveCfg = Debug|Any CPU
		{772B7682-1D4D-46AD-9E0F-B4579F6185E2}.Debug|Any CPU.Build.0 = Debug|Any CPU
		{772B7682-1D4D-46AD-9E0F-B4579F6185E2}.Release|Any CPU.ActiveCfg = Release|Any CPU
		{772B7682-1D4D-46AD-9E0F-B4579F6185E2}.Release|Any CPU.Build.0 = Release|Any CPU
		{FB13D3B5-8653-4218-9B58-2F715EB02B2B}.Debug|Any CPU.ActiveCfg = Debug|Any CPU
		{FB13D3B5-8653-4218-9B58-2F715EB02B2B}.Debug|Any CPU.Build.0 = Debug|Any CPU
		{FB13D3B5-8653-4218-9B58-2F715EB02B2B}.Release|Any CPU.ActiveCfg = Release|Any CPU
		{FB13D3B5-8653-4218-9B58-2F715EB02B2B}.Release|Any CPU.Build.0 = Release|Any CPU
		{872A62AB-F004-4F03-9905-981017E33BC9}.Debug|Any CPU.ActiveCfg = Debug|Any CPU
		{872A62AB-F004-4F03-9905-981017E33BC9}.Debug|Any CPU.Build.0 = Debug|Any CPU
		{872A62AB-F004-4F03-9905-981017E33BC9}.Release|Any CPU.ActiveCfg = Release|Any CPU
		{872A62AB-F004-4F03-9905-981017E33BC9}.Release|Any CPU.Build.0 = Release|Any CPU
		{D4D0E0C1-A6D0-4455-9079-1A4F3633F9E5}.Debug|Any CPU.ActiveCfg = Debug|Any CPU
		{D4D0E0C1-A6D0-4455-9079-1A4F3633F9E5}.Debug|Any CPU.Build.0 = Debug|Any CPU
		{D4D0E0C1-A6D0-4455-9079-1A4F3633F9E5}.Release|Any CPU.ActiveCfg = Release|Any CPU
		{D4D0E0C1-A6D0-4455-9079-1A4F3633F9E5}.Release|Any CPU.Build.0 = Release|Any CPU
		{5D39289A-2353-42F0-9EBA-7408B2588E01}.Debug|Any CPU.ActiveCfg = Debug|Any CPU
		{5D39289A-2353-42F0-9EBA-7408B2588E01}.Debug|Any CPU.Build.0 = Debug|Any CPU
		{5D39289A-2353-42F0-9EBA-7408B2588E01}.Release|Any CPU.ActiveCfg = Release|Any CPU
		{5D39289A-2353-42F0-9EBA-7408B2588E01}.Release|Any CPU.Build.0 = Release|Any CPU
		{147B0E77-7A22-4EA5-83EA-A0909B456408}.Debug|Any CPU.ActiveCfg = Debug|Any CPU
		{147B0E77-7A22-4EA5-83EA-A0909B456408}.Debug|Any CPU.Build.0 = Debug|Any CPU
		{147B0E77-7A22-4EA5-83EA-A0909B456408}.Release|Any CPU.ActiveCfg = Release|Any CPU
		{147B0E77-7A22-4EA5-83EA-A0909B456408}.Release|Any CPU.Build.0 = Release|Any CPU
		{1606CE51-4CD3-4CE6-A08D-B3AD32E5D183}.Debug|Any CPU.ActiveCfg = Debug|Any CPU
		{1606CE51-4CD3-4CE6-A08D-B3AD32E5D183}.Debug|Any CPU.Build.0 = Debug|Any CPU
		{1606CE51-4CD3-4CE6-A08D-B3AD32E5D183}.Release|Any CPU.ActiveCfg = Release|Any CPU
		{1606CE51-4CD3-4CE6-A08D-B3AD32E5D183}.Release|Any CPU.Build.0 = Release|Any CPU
		{8F3E6370-C3A7-47B5-A5E4-CBA24A313560}.Debug|Any CPU.ActiveCfg = Debug|Any CPU
		{8F3E6370-C3A7-47B5-A5E4-CBA24A313560}.Debug|Any CPU.Build.0 = Debug|Any CPU
		{8F3E6370-C3A7-47B5-A5E4-CBA24A313560}.Release|Any CPU.ActiveCfg = Release|Any CPU
		{8F3E6370-C3A7-47B5-A5E4-CBA24A313560}.Release|Any CPU.Build.0 = Release|Any CPU
		{27B8B35B-D0AA-4E73-BF8B-7C1F7F48348B}.Debug|Any CPU.ActiveCfg = Debug|Any CPU
		{27B8B35B-D0AA-4E73-BF8B-7C1F7F48348B}.Debug|Any CPU.Build.0 = Debug|Any CPU
		{27B8B35B-D0AA-4E73-BF8B-7C1F7F48348B}.Release|Any CPU.ActiveCfg = Release|Any CPU
		{27B8B35B-D0AA-4E73-BF8B-7C1F7F48348B}.Release|Any CPU.Build.0 = Release|Any CPU
		{A659FD04-AAC4-4428-89F6-EC2F73FC728F}.Debug|Any CPU.ActiveCfg = Debug|Any CPU
		{A659FD04-AAC4-4428-89F6-EC2F73FC728F}.Debug|Any CPU.Build.0 = Debug|Any CPU
		{A659FD04-AAC4-4428-89F6-EC2F73FC728F}.Release|Any CPU.ActiveCfg = Release|Any CPU
		{A659FD04-AAC4-4428-89F6-EC2F73FC728F}.Release|Any CPU.Build.0 = Release|Any CPU
		{F0A0B5CC-E5B4-4769-AB47-67A1D5B482B4}.Debug|Any CPU.ActiveCfg = Debug|Any CPU
		{F0A0B5CC-E5B4-4769-AB47-67A1D5B482B4}.Debug|Any CPU.Build.0 = Debug|Any CPU
		{F0A0B5CC-E5B4-4769-AB47-67A1D5B482B4}.Release|Any CPU.ActiveCfg = Release|Any CPU
		{F0A0B5CC-E5B4-4769-AB47-67A1D5B482B4}.Release|Any CPU.Build.0 = Release|Any CPU
		{BE13E412-D35A-4C3F-A7D0-2C8FE5905642}.Debug|Any CPU.ActiveCfg = Debug|Any CPU
		{BE13E412-D35A-4C3F-A7D0-2C8FE5905642}.Debug|Any CPU.Build.0 = Debug|Any CPU
		{BE13E412-D35A-4C3F-A7D0-2C8FE5905642}.Release|Any CPU.ActiveCfg = Release|Any CPU
		{BE13E412-D35A-4C3F-A7D0-2C8FE5905642}.Release|Any CPU.Build.0 = Release|Any CPU
		{15082D3E-625D-411E-BCF6-7AE6A3C61B8E}.Debug|Any CPU.ActiveCfg = Debug|Any CPU
		{15082D3E-625D-411E-BCF6-7AE6A3C61B8E}.Debug|Any CPU.Build.0 = Debug|Any CPU
		{15082D3E-625D-411E-BCF6-7AE6A3C61B8E}.Release|Any CPU.ActiveCfg = Release|Any CPU
		{15082D3E-625D-411E-BCF6-7AE6A3C61B8E}.Release|Any CPU.Build.0 = Release|Any CPU
		{B6C51F64-D22D-4993-8995-59FD093E5475}.Debug|Any CPU.ActiveCfg = Debug|Any CPU
		{B6C51F64-D22D-4993-8995-59FD093E5475}.Debug|Any CPU.Build.0 = Debug|Any CPU
		{B6C51F64-D22D-4993-8995-59FD093E5475}.Release|Any CPU.ActiveCfg = Release|Any CPU
		{B6C51F64-D22D-4993-8995-59FD093E5475}.Release|Any CPU.Build.0 = Release|Any CPU
		{48639354-51E8-4631-BC4B-2AB4BC59A818}.Debug|Any CPU.ActiveCfg = Debug|Any CPU
		{48639354-51E8-4631-BC4B-2AB4BC59A818}.Debug|Any CPU.Build.0 = Debug|Any CPU
		{48639354-51E8-4631-BC4B-2AB4BC59A818}.Release|Any CPU.ActiveCfg = Release|Any CPU
		{48639354-51E8-4631-BC4B-2AB4BC59A818}.Release|Any CPU.Build.0 = Release|Any CPU
		{DF61C3F5-0F04-4FDC-AE4A-105A0A60D389}.Debug|Any CPU.ActiveCfg = Debug|Any CPU
		{DF61C3F5-0F04-4FDC-AE4A-105A0A60D389}.Debug|Any CPU.Build.0 = Debug|Any CPU
		{DF61C3F5-0F04-4FDC-AE4A-105A0A60D389}.Release|Any CPU.ActiveCfg = Release|Any CPU
	EndGlobalSection
	GlobalSection(SolutionProperties) = preSolution
		HideSolutionNode = FALSE
	EndGlobalSection
	GlobalSection(ExtensibilityGlobals) = postSolution
		SolutionGuid = {7F9DEEBC-3A0F-4BE0-81B2-684E11B3F325}
	EndGlobalSection
EndGlobal
