
Microsoft Visual Studio Solution File, Format Version 12.00
# Visual Studio 14
VisualStudioVersion = 14.0.24720.0
MinimumVisualStudioVersion = 10.0.40219.1
Project("{FAE04EC0-301F-11D3-BF4B-00C04F79EFBC}") = "Utility", "Utility\Utility.csproj", "{8F050846-3606-4544-9476-F25D17A0147D}"
EndProject
Project("{FAE04EC0-301F-11D3-BF4B-00C04F79EFBC}") = "DataStructure", "DataStructure\DataStructure.csproj", "{0F95CD5F-08E8-4F63-B071-118D747AC4CC}"
EndProject
Project("{FAE04EC0-301F-11D3-BF4B-00C04F79EFBC}") = "Configuration", "Configuration\Configuration.csproj", "{E0CBCCA9-8A3C-4BDD-A251-52F424CFF52B}"
EndProject
Project("{FAE04EC0-301F-11D3-BF4B-00C04F79EFBC}") = "DbAgent", "DbAgent\DbAgent.csproj", "{0D6954D6-7445-4107-94D9-ACFF0FC60E57}"
EndProject
Project("{FAE04EC0-301F-11D3-BF4B-00C04F79EFBC}") = "DbProvider", "DbProvider\DbProvider.csproj", "{BF238BB7-74F3-42FB-AE07-871BD4B47CB8}"
EndProject
Project("{FAE04EC0-301F-11D3-BF4B-00C04F79EFBC}") = "DaishinProvider", "DaishinProvider\DaishinProvider.csproj", "{E3140E81-6720-4F08-80AA-4C77F0623C37}"
EndProject
Project("{FAE04EC0-301F-11D3-BF4B-00C04F79EFBC}") = "EbestProvider", "EbestProvider\EbestProvider.csproj", "{83136D00-D5F3-4635-BF7D-879E7081FD67}"
EndProject
Project("{FAE04EC0-301F-11D3-BF4B-00C04F79EFBC}") = "KiwoomProvider", "KiwoomProvider\KiwoomProvider.csproj", "{73DF9D59-578B-42A0-AC10-BDDDFC1C4944}"
EndProject
Project("{FAE04EC0-301F-11D3-BF4B-00C04F79EFBC}") = "Gateway", "Gateway\Gateway.csproj", "{5CB6D1BD-C432-4101-A828-42E3C18B7CCA}"
EndProject
Project("{2150E333-8FDC-42A3-9474-1A3956D46DE8}") = "Provider", "Provider", "{279CCDBF-9C7D-49BF-A692-228C40A8EFD8}"
EndProject
Project("{FAE04EC0-301F-11D3-BF4B-00C04F79EFBC}") = "DashBoard", "DashBoard\DashBoard.csproj", "{BA180DF0-19F9-4E7A-BAB8-4B90A333D121}"
EndProject
Project("{FAE04EC0-301F-11D3-BF4B-00C04F79EFBC}") = "Consumer", "Consumer\Consumer.csproj", "{30944599-E79D-4CB6-BF54-983C196C195D}"
EndProject
Project("{FAE04EC0-301F-11D3-BF4B-00C04F79EFBC}") = "HistorySaver", "HistorySaver\HistorySaver.csproj", "{C6867808-B926-410D-8002-63C90C3D55D2}"
EndProject
Project("{FAE04EC0-301F-11D3-BF4B-00C04F79EFBC}") = "RealTimeProvider", "RealTimeProvider\RealTimeProvider.csproj", "{60B9F3B9-AB6B-4FD1-B236-148BBCD2003D}"
EndProject
Project("{FAE04EC0-301F-11D3-BF4B-00C04F79EFBC}") = "TestConsole", "TestConsole\TestConsole.csproj", "{EF30FEFE-E267-4C69-BC4A-CF59E4AFF6AC}"
EndProject
Global
	GlobalSection(SolutionConfigurationPlatforms) = preSolution
		Debug|Any CPU = Debug|Any CPU
		Release|Any CPU = Release|Any CPU
	EndGlobalSection
	GlobalSection(ProjectConfigurationPlatforms) = postSolution
		{8F050846-3606-4544-9476-F25D17A0147D}.Debug|Any CPU.ActiveCfg = Debug|Any CPU
		{8F050846-3606-4544-9476-F25D17A0147D}.Debug|Any CPU.Build.0 = Debug|Any CPU
		{8F050846-3606-4544-9476-F25D17A0147D}.Release|Any CPU.ActiveCfg = Release|Any CPU
		{8F050846-3606-4544-9476-F25D17A0147D}.Release|Any CPU.Build.0 = Release|Any CPU
		{0F95CD5F-08E8-4F63-B071-118D747AC4CC}.Debug|Any CPU.ActiveCfg = Debug|Any CPU
		{0F95CD5F-08E8-4F63-B071-118D747AC4CC}.Debug|Any CPU.Build.0 = Debug|Any CPU
		{0F95CD5F-08E8-4F63-B071-118D747AC4CC}.Release|Any CPU.ActiveCfg = Release|Any CPU
		{0F95CD5F-08E8-4F63-B071-118D747AC4CC}.Release|Any CPU.Build.0 = Release|Any CPU
		{E0CBCCA9-8A3C-4BDD-A251-52F424CFF52B}.Debug|Any CPU.ActiveCfg = Debug|Any CPU
		{E0CBCCA9-8A3C-4BDD-A251-52F424CFF52B}.Debug|Any CPU.Build.0 = Debug|Any CPU
		{E0CBCCA9-8A3C-4BDD-A251-52F424CFF52B}.Release|Any CPU.ActiveCfg = Release|Any CPU
		{E0CBCCA9-8A3C-4BDD-A251-52F424CFF52B}.Release|Any CPU.Build.0 = Release|Any CPU
		{0D6954D6-7445-4107-94D9-ACFF0FC60E57}.Debug|Any CPU.ActiveCfg = Debug|Any CPU
		{0D6954D6-7445-4107-94D9-ACFF0FC60E57}.Debug|Any CPU.Build.0 = Debug|Any CPU
		{0D6954D6-7445-4107-94D9-ACFF0FC60E57}.Release|Any CPU.ActiveCfg = Release|Any CPU
		{0D6954D6-7445-4107-94D9-ACFF0FC60E57}.Release|Any CPU.Build.0 = Release|Any CPU
		{BF238BB7-74F3-42FB-AE07-871BD4B47CB8}.Debug|Any CPU.ActiveCfg = Debug|Any CPU
		{BF238BB7-74F3-42FB-AE07-871BD4B47CB8}.Debug|Any CPU.Build.0 = Debug|Any CPU
		{BF238BB7-74F3-42FB-AE07-871BD4B47CB8}.Release|Any CPU.ActiveCfg = Release|Any CPU
		{BF238BB7-74F3-42FB-AE07-871BD4B47CB8}.Release|Any CPU.Build.0 = Release|Any CPU
		{E3140E81-6720-4F08-80AA-4C77F0623C37}.Debug|Any CPU.ActiveCfg = Debug|Any CPU
		{E3140E81-6720-4F08-80AA-4C77F0623C37}.Debug|Any CPU.Build.0 = Debug|Any CPU
		{E3140E81-6720-4F08-80AA-4C77F0623C37}.Release|Any CPU.ActiveCfg = Release|Any CPU
		{E3140E81-6720-4F08-80AA-4C77F0623C37}.Release|Any CPU.Build.0 = Release|Any CPU
		{83136D00-D5F3-4635-BF7D-879E7081FD67}.Debug|Any CPU.ActiveCfg = Debug|Any CPU
		{83136D00-D5F3-4635-BF7D-879E7081FD67}.Debug|Any CPU.Build.0 = Debug|Any CPU
		{83136D00-D5F3-4635-BF7D-879E7081FD67}.Release|Any CPU.ActiveCfg = Release|Any CPU
		{83136D00-D5F3-4635-BF7D-879E7081FD67}.Release|Any CPU.Build.0 = Release|Any CPU
		{73DF9D59-578B-42A0-AC10-BDDDFC1C4944}.Debug|Any CPU.ActiveCfg = Debug|Any CPU
		{73DF9D59-578B-42A0-AC10-BDDDFC1C4944}.Debug|Any CPU.Build.0 = Debug|Any CPU
		{73DF9D59-578B-42A0-AC10-BDDDFC1C4944}.Release|Any CPU.ActiveCfg = Release|Any CPU
		{73DF9D59-578B-42A0-AC10-BDDDFC1C4944}.Release|Any CPU.Build.0 = Release|Any CPU
		{5CB6D1BD-C432-4101-A828-42E3C18B7CCA}.Debug|Any CPU.ActiveCfg = Debug|Any CPU
		{5CB6D1BD-C432-4101-A828-42E3C18B7CCA}.Debug|Any CPU.Build.0 = Debug|Any CPU
		{5CB6D1BD-C432-4101-A828-42E3C18B7CCA}.Release|Any CPU.ActiveCfg = Release|Any CPU
		{5CB6D1BD-C432-4101-A828-42E3C18B7CCA}.Release|Any CPU.Build.0 = Release|Any CPU
		{BA180DF0-19F9-4E7A-BAB8-4B90A333D121}.Debug|Any CPU.ActiveCfg = Debug|Any CPU
		{BA180DF0-19F9-4E7A-BAB8-4B90A333D121}.Debug|Any CPU.Build.0 = Debug|Any CPU
		{BA180DF0-19F9-4E7A-BAB8-4B90A333D121}.Release|Any CPU.ActiveCfg = Release|Any CPU
		{BA180DF0-19F9-4E7A-BAB8-4B90A333D121}.Release|Any CPU.Build.0 = Release|Any CPU
		{30944599-E79D-4CB6-BF54-983C196C195D}.Debug|Any CPU.ActiveCfg = Debug|Any CPU
		{30944599-E79D-4CB6-BF54-983C196C195D}.Debug|Any CPU.Build.0 = Debug|Any CPU
		{30944599-E79D-4CB6-BF54-983C196C195D}.Release|Any CPU.ActiveCfg = Release|Any CPU
		{30944599-E79D-4CB6-BF54-983C196C195D}.Release|Any CPU.Build.0 = Release|Any CPU
		{C6867808-B926-410D-8002-63C90C3D55D2}.Debug|Any CPU.ActiveCfg = Debug|Any CPU
		{C6867808-B926-410D-8002-63C90C3D55D2}.Debug|Any CPU.Build.0 = Debug|Any CPU
		{C6867808-B926-410D-8002-63C90C3D55D2}.Release|Any CPU.ActiveCfg = Release|Any CPU
		{C6867808-B926-410D-8002-63C90C3D55D2}.Release|Any CPU.Build.0 = Release|Any CPU
		{60B9F3B9-AB6B-4FD1-B236-148BBCD2003D}.Debug|Any CPU.ActiveCfg = Debug|Any CPU
		{60B9F3B9-AB6B-4FD1-B236-148BBCD2003D}.Debug|Any CPU.Build.0 = Debug|Any CPU
		{60B9F3B9-AB6B-4FD1-B236-148BBCD2003D}.Release|Any CPU.ActiveCfg = Release|Any CPU
		{60B9F3B9-AB6B-4FD1-B236-148BBCD2003D}.Release|Any CPU.Build.0 = Release|Any CPU
		{EF30FEFE-E267-4C69-BC4A-CF59E4AFF6AC}.Debug|Any CPU.ActiveCfg = Debug|Any CPU
		{EF30FEFE-E267-4C69-BC4A-CF59E4AFF6AC}.Debug|Any CPU.Build.0 = Debug|Any CPU
		{EF30FEFE-E267-4C69-BC4A-CF59E4AFF6AC}.Release|Any CPU.ActiveCfg = Release|Any CPU
		{EF30FEFE-E267-4C69-BC4A-CF59E4AFF6AC}.Release|Any CPU.Build.0 = Release|Any CPU
	EndGlobalSection
	GlobalSection(SolutionProperties) = preSolution
		HideSolutionNode = FALSE
	EndGlobalSection
	GlobalSection(NestedProjects) = preSolution
		{BF238BB7-74F3-42FB-AE07-871BD4B47CB8} = {279CCDBF-9C7D-49BF-A692-228C40A8EFD8}
		{E3140E81-6720-4F08-80AA-4C77F0623C37} = {279CCDBF-9C7D-49BF-A692-228C40A8EFD8}
		{83136D00-D5F3-4635-BF7D-879E7081FD67} = {279CCDBF-9C7D-49BF-A692-228C40A8EFD8}
		{73DF9D59-578B-42A0-AC10-BDDDFC1C4944} = {279CCDBF-9C7D-49BF-A692-228C40A8EFD8}
		{60B9F3B9-AB6B-4FD1-B236-148BBCD2003D} = {279CCDBF-9C7D-49BF-A692-228C40A8EFD8}
	EndGlobalSection
EndGlobal
