
Microsoft Visual Studio Solution File, Format Version 12.00
# Visual Studio 14
VisualStudioVersion = 14.0.24720.0
MinimumVisualStudioVersion = 10.0.40219.1
Project("{FAE04EC0-301F-11D3-BF4B-00C04F79EFBC}") = "Configuration", "MTree.Configuration\Configuration.csproj", "{18E1E11A-C324-4796-911F-013A2645F081}"
EndProject
Project("{FAE04EC0-301F-11D3-BF4B-00C04F79EFBC}") = "Utility", "MTree.Utility\Utility.csproj", "{3CECB7E7-2D6B-4F2E-BBC1-A2FE1E6CA86D}"
EndProject
Project("{FAE04EC0-301F-11D3-BF4B-00C04F79EFBC}") = "DataStructure", "MTree.DataStructure\DataStructure.csproj", "{060477C0-DE54-4691-AD0A-D01E3C2632ED}"
EndProject
Project("{FAE04EC0-301F-11D3-BF4B-00C04F79EFBC}") = "DbAgent", "MTree.DbAgent\DbAgent.csproj", "{5A2D0465-2DE5-4852-8371-BBED9C6FF708}"
EndProject
Project("{FAE04EC0-301F-11D3-BF4B-00C04F79EFBC}") = "DbProvider", "MTree.DbProvider\DbProvider.csproj", "{D688F786-951D-45DA-84E1-5FF5A3726432}"
EndProject
Project("{2150E333-8FDC-42A3-9474-1A3956D46DE8}") = "Provider", "Provider", "{D4D31EC0-0B4C-4A2E-8CD5-529BFE0F0129}"
EndProject
Project("{FAE04EC0-301F-11D3-BF4B-00C04F79EFBC}") = "DaishinProvider", "MTree.DaishinProvider\DaishinProvider.csproj", "{7575101F-DA24-4EAE-A73A-7D2950B4F691}"
EndProject
Project("{FAE04EC0-301F-11D3-BF4B-00C04F79EFBC}") = "EbestProvider", "MTree.EbestProvider\EbestProvider.csproj", "{D956E962-8C4D-4368-A90B-C75254B323C0}"
EndProject
Project("{FAE04EC0-301F-11D3-BF4B-00C04F79EFBC}") = "KiwoomProvider", "MTree.KiwoomProvider\KiwoomProvider.csproj", "{E7CB937F-6F53-4170-AF4D-1A620EB5FD98}"
EndProject
Project("{FAE04EC0-301F-11D3-BF4B-00C04F79EFBC}") = "DaumProvider", "MTree.DaumProvider\DaumProvider.csproj", "{EC284534-9170-4978-8CBE-2544155C5859}"
EndProject
Project("{FAE04EC0-301F-11D3-BF4B-00C04F79EFBC}") = "KrxProvider", "MTree.KrxProvider\KrxProvider.csproj", "{61355106-485D-48B1-8615-6FDC029FE473}"
EndProject
Project("{2150E333-8FDC-42A3-9474-1A3956D46DE8}") = "Database", "Database", "{DD316886-1CF6-4C98-A998-0A7CA2C5CB26}"
EndProject
Project("{FAE04EC0-301F-11D3-BF4B-00C04F79EFBC}") = "HistorySaver", "MTree.HistorySaver\HistorySaver.csproj", "{6F27C067-150D-490D-95A8-A5DCF11A1D0B}"
EndProject
Global
	GlobalSection(SolutionConfigurationPlatforms) = preSolution
		Debug|Any CPU = Debug|Any CPU
		Release|Any CPU = Release|Any CPU
	EndGlobalSection
	GlobalSection(ProjectConfigurationPlatforms) = postSolution
		{18E1E11A-C324-4796-911F-013A2645F081}.Debug|Any CPU.ActiveCfg = Debug|Any CPU
		{18E1E11A-C324-4796-911F-013A2645F081}.Debug|Any CPU.Build.0 = Debug|Any CPU
		{18E1E11A-C324-4796-911F-013A2645F081}.Release|Any CPU.ActiveCfg = Release|Any CPU
		{18E1E11A-C324-4796-911F-013A2645F081}.Release|Any CPU.Build.0 = Release|Any CPU
		{3CECB7E7-2D6B-4F2E-BBC1-A2FE1E6CA86D}.Debug|Any CPU.ActiveCfg = Debug|Any CPU
		{3CECB7E7-2D6B-4F2E-BBC1-A2FE1E6CA86D}.Debug|Any CPU.Build.0 = Debug|Any CPU
		{3CECB7E7-2D6B-4F2E-BBC1-A2FE1E6CA86D}.Release|Any CPU.ActiveCfg = Release|Any CPU
		{3CECB7E7-2D6B-4F2E-BBC1-A2FE1E6CA86D}.Release|Any CPU.Build.0 = Release|Any CPU
		{060477C0-DE54-4691-AD0A-D01E3C2632ED}.Debug|Any CPU.ActiveCfg = Debug|Any CPU
		{060477C0-DE54-4691-AD0A-D01E3C2632ED}.Debug|Any CPU.Build.0 = Debug|Any CPU
		{060477C0-DE54-4691-AD0A-D01E3C2632ED}.Release|Any CPU.ActiveCfg = Release|Any CPU
		{060477C0-DE54-4691-AD0A-D01E3C2632ED}.Release|Any CPU.Build.0 = Release|Any CPU
		{5A2D0465-2DE5-4852-8371-BBED9C6FF708}.Debug|Any CPU.ActiveCfg = Debug|Any CPU
		{5A2D0465-2DE5-4852-8371-BBED9C6FF708}.Debug|Any CPU.Build.0 = Debug|Any CPU
		{5A2D0465-2DE5-4852-8371-BBED9C6FF708}.Release|Any CPU.ActiveCfg = Release|Any CPU
		{5A2D0465-2DE5-4852-8371-BBED9C6FF708}.Release|Any CPU.Build.0 = Release|Any CPU
		{D688F786-951D-45DA-84E1-5FF5A3726432}.Debug|Any CPU.ActiveCfg = Debug|Any CPU
		{D688F786-951D-45DA-84E1-5FF5A3726432}.Debug|Any CPU.Build.0 = Debug|Any CPU
		{D688F786-951D-45DA-84E1-5FF5A3726432}.Release|Any CPU.ActiveCfg = Release|Any CPU
		{D688F786-951D-45DA-84E1-5FF5A3726432}.Release|Any CPU.Build.0 = Release|Any CPU
		{7575101F-DA24-4EAE-A73A-7D2950B4F691}.Debug|Any CPU.ActiveCfg = Debug|Any CPU
		{7575101F-DA24-4EAE-A73A-7D2950B4F691}.Debug|Any CPU.Build.0 = Debug|Any CPU
		{7575101F-DA24-4EAE-A73A-7D2950B4F691}.Release|Any CPU.ActiveCfg = Release|Any CPU
		{7575101F-DA24-4EAE-A73A-7D2950B4F691}.Release|Any CPU.Build.0 = Release|Any CPU
		{D956E962-8C4D-4368-A90B-C75254B323C0}.Debug|Any CPU.ActiveCfg = Debug|Any CPU
		{D956E962-8C4D-4368-A90B-C75254B323C0}.Debug|Any CPU.Build.0 = Debug|Any CPU
		{D956E962-8C4D-4368-A90B-C75254B323C0}.Release|Any CPU.ActiveCfg = Release|Any CPU
		{D956E962-8C4D-4368-A90B-C75254B323C0}.Release|Any CPU.Build.0 = Release|Any CPU
		{E7CB937F-6F53-4170-AF4D-1A620EB5FD98}.Debug|Any CPU.ActiveCfg = Debug|Any CPU
		{E7CB937F-6F53-4170-AF4D-1A620EB5FD98}.Debug|Any CPU.Build.0 = Debug|Any CPU
		{E7CB937F-6F53-4170-AF4D-1A620EB5FD98}.Release|Any CPU.ActiveCfg = Release|Any CPU
		{E7CB937F-6F53-4170-AF4D-1A620EB5FD98}.Release|Any CPU.Build.0 = Release|Any CPU
		{EC284534-9170-4978-8CBE-2544155C5859}.Debug|Any CPU.ActiveCfg = Debug|Any CPU
		{EC284534-9170-4978-8CBE-2544155C5859}.Debug|Any CPU.Build.0 = Debug|Any CPU
		{EC284534-9170-4978-8CBE-2544155C5859}.Release|Any CPU.ActiveCfg = Release|Any CPU
		{EC284534-9170-4978-8CBE-2544155C5859}.Release|Any CPU.Build.0 = Release|Any CPU
		{61355106-485D-48B1-8615-6FDC029FE473}.Debug|Any CPU.ActiveCfg = Debug|Any CPU
		{61355106-485D-48B1-8615-6FDC029FE473}.Debug|Any CPU.Build.0 = Debug|Any CPU
		{61355106-485D-48B1-8615-6FDC029FE473}.Release|Any CPU.ActiveCfg = Release|Any CPU
		{61355106-485D-48B1-8615-6FDC029FE473}.Release|Any CPU.Build.0 = Release|Any CPU
		{6F27C067-150D-490D-95A8-A5DCF11A1D0B}.Debug|Any CPU.ActiveCfg = Debug|Any CPU
		{6F27C067-150D-490D-95A8-A5DCF11A1D0B}.Debug|Any CPU.Build.0 = Debug|Any CPU
		{6F27C067-150D-490D-95A8-A5DCF11A1D0B}.Release|Any CPU.ActiveCfg = Release|Any CPU
		{6F27C067-150D-490D-95A8-A5DCF11A1D0B}.Release|Any CPU.Build.0 = Release|Any CPU
	EndGlobalSection
	GlobalSection(SolutionProperties) = preSolution
		HideSolutionNode = FALSE
	EndGlobalSection
	GlobalSection(NestedProjects) = preSolution
		{5A2D0465-2DE5-4852-8371-BBED9C6FF708} = {DD316886-1CF6-4C98-A998-0A7CA2C5CB26}
		{D688F786-951D-45DA-84E1-5FF5A3726432} = {D4D31EC0-0B4C-4A2E-8CD5-529BFE0F0129}
		{7575101F-DA24-4EAE-A73A-7D2950B4F691} = {D4D31EC0-0B4C-4A2E-8CD5-529BFE0F0129}
		{D956E962-8C4D-4368-A90B-C75254B323C0} = {D4D31EC0-0B4C-4A2E-8CD5-529BFE0F0129}
		{E7CB937F-6F53-4170-AF4D-1A620EB5FD98} = {D4D31EC0-0B4C-4A2E-8CD5-529BFE0F0129}
		{EC284534-9170-4978-8CBE-2544155C5859} = {D4D31EC0-0B4C-4A2E-8CD5-529BFE0F0129}
		{61355106-485D-48B1-8615-6FDC029FE473} = {D4D31EC0-0B4C-4A2E-8CD5-529BFE0F0129}
		{6F27C067-150D-490D-95A8-A5DCF11A1D0B} = {DD316886-1CF6-4C98-A998-0A7CA2C5CB26}
	EndGlobalSection
EndGlobal
